
Microsoft Visual Studio Solution File, Format Version 12.00
# Visual Studio Version 17
VisualStudioVersion = 17.12.35527.113 d17.12
MinimumVisualStudioVersion = 10.0.40219.1
Project("{FAE04EC0-301F-11D3-BF4B-00C04F79EFBC}") = "SchoolSchedule.Api", "SchoolSchedule.Api\SchoolSchedule.Api.csproj", "{F3D18125-00CF-48D2-8666-B9FCCC6DDC85}"
EndProject
Project("{FAE04EC0-301F-11D3-BF4B-00C04F79EFBC}") = "SchoolSchedule.Domain", "SchoolSchedule.Domain\SchoolSchedule.Domain.csproj", "{021399E5-1FDD-4E5F-81D7-78B7E2DA1639}"
EndProject
Project("{FAE04EC0-301F-11D3-BF4B-00C04F79EFBC}") = "SchoolSchedule.Application", "SchoolSchedule.Application\SchoolSchedule.Application.csproj", "{B2E0058F-0ED8-432E-AB43-B36798348DE9}"
EndProject
Project("{FAE04EC0-301F-11D3-BF4B-00C04F79EFBC}") = "SchoolSchedule.Infrastructure", "SchoolSchedule.Infrastructure\SchoolSchedule.Infrastructure.csproj", "{28D052B4-CF96-4D44-84E4-8341AB419B07}"
EndProject
Global
	GlobalSection(SolutionConfigurationPlatforms) = preSolution
		Debug|Any CPU = Debug|Any CPU
		Release|Any CPU = Release|Any CPU
	EndGlobalSection
	GlobalSection(ProjectConfigurationPlatforms) = postSolution
		{F3D18125-00CF-48D2-8666-B9FCCC6DDC85}.Debug|Any CPU.ActiveCfg = Debug|Any CPU
		{F3D18125-00CF-48D2-8666-B9FCCC6DDC85}.Debug|Any CPU.Build.0 = Debug|Any CPU
		{F3D18125-00CF-48D2-8666-B9FCCC6DDC85}.Release|Any CPU.ActiveCfg = Release|Any CPU
		{F3D18125-00CF-48D2-8666-B9FCCC6DDC85}.Release|Any CPU.Build.0 = Release|Any CPU
		{021399E5-1FDD-4E5F-81D7-78B7E2DA1639}.Debug|Any CPU.ActiveCfg = Debug|Any CPU
		{021399E5-1FDD-4E5F-81D7-78B7E2DA1639}.Debug|Any CPU.Build.0 = Debug|Any CPU
		{021399E5-1FDD-4E5F-81D7-78B7E2DA1639}.Release|Any CPU.ActiveCfg = Release|Any CPU
		{021399E5-1FDD-4E5F-81D7-78B7E2DA1639}.Release|Any CPU.Build.0 = Release|Any CPU
		{B2E0058F-0ED8-432E-AB43-B36798348DE9}.Debug|Any CPU.ActiveCfg = Debug|Any CPU
		{B2E0058F-0ED8-432E-AB43-B36798348DE9}.Debug|Any CPU.Build.0 = Debug|Any CPU
		{B2E0058F-0ED8-432E-AB43-B36798348DE9}.Release|Any CPU.ActiveCfg = Release|Any CPU
		{B2E0058F-0ED8-432E-AB43-B36798348DE9}.Release|Any CPU.Build.0 = Release|Any CPU
		{28D052B4-CF96-4D44-84E4-8341AB419B07}.Debug|Any CPU.ActiveCfg = Debug|Any CPU
		{28D052B4-CF96-4D44-84E4-8341AB419B07}.Debug|Any CPU.Build.0 = Debug|Any CPU
		{28D052B4-CF96-4D44-84E4-8341AB419B07}.Release|Any CPU.ActiveCfg = Release|Any CPU
		{28D052B4-CF96-4D44-84E4-8341AB419B07}.Release|Any CPU.Build.0 = Release|Any CPU
	EndGlobalSection
	GlobalSection(SolutionProperties) = preSolution
		HideSolutionNode = FALSE
	EndGlobalSection
EndGlobal
